
Microsoft Visual Studio Solution File, Format Version 12.00
# Visual Studio Version 16
VisualStudioVersion = 25.0.1704.2
MinimumVisualStudioVersion = 10.0.40219.1
Project("{FAE04EC0-301F-11D3-BF4B-00C04F79EFBC}") = "Tagger", "Tagger\src\Tagger\Tagger.csproj", "{0F88FCA6-8EDE-4F53-97E3-427CFB7A93AE}"
EndProject
Global
	GlobalSection(SolutionConfigurationPlatforms) = preSolution
		Debug|Any CPU = Debug|Any CPU
		Release|Any CPU = Release|Any CPU
	EndGlobalSection
	GlobalSection(ProjectConfigurationPlatforms) = postSolution
		{0F88FCA6-8EDE-4F53-97E3-427CFB7A93AE}.Debug|Any CPU.ActiveCfg = Debug|Any CPU
		{0F88FCA6-8EDE-4F53-97E3-427CFB7A93AE}.Debug|Any CPU.Build.0 = Debug|Any CPU
		{0F88FCA6-8EDE-4F53-97E3-427CFB7A93AE}.Release|Any CPU.ActiveCfg = Release|Any CPU
		{0F88FCA6-8EDE-4F53-97E3-427CFB7A93AE}.Release|Any CPU.Build.0 = Release|Any CPU
	EndGlobalSection
	GlobalSection(SolutionProperties) = preSolution
		HideSolutionNode = FALSE
	EndGlobalSection
	GlobalSection(ExtensibilityGlobals) = postSolution
		SolutionGuid = {A0DC6738-6EEA-4FE6-9EB7-C22C9931EFF9}
	EndGlobalSection
EndGlobal
